
Microsoft Visual Studio Solution File, Format Version 12.00
# Visual Studio Version 16
VisualStudioVersion = 16.0.30621.155
MinimumVisualStudioVersion = 10.0.40219.1
Project("{9A19103F-16F7-4668-BE54-9A1E7A4F7556}") = "Problem1", "Problem1\Problem1.csproj", "{66D6E128-5B9C-4A94-94DE-FDB490359055}"
EndProject
Project("{9A19103F-16F7-4668-BE54-9A1E7A4F7556}") = "Problem2", "Problem2\Problem2.csproj", "{19C9F055-04F3-4E6E-B414-E4194830012A}"
EndProject
Project("{9A19103F-16F7-4668-BE54-9A1E7A4F7556}") = "TestProblem1", "TestProblem1\TestProblem1.csproj", "{B02BB1A1-A43E-4435-87E4-A678B7B1DF4F}"
EndProject
Project("{9A19103F-16F7-4668-BE54-9A1E7A4F7556}") = "TestProblem2", "TestProblem2\TestProblem2.csproj", "{86F1B455-8F26-4DF9-9DA9-6BB19182686D}"
EndProject
Project("{9A19103F-16F7-4668-BE54-9A1E7A4F7556}") = "Problem4", "Problem4\Problem4.csproj", "{3036B610-4A8F-4AB1-B502-5C018091B4D9}"
EndProject
Project("{9A19103F-16F7-4668-BE54-9A1E7A4F7556}") = "TestProblem4", "TestProblem4\TestProblem4.csproj", "{6F8BF749-5A9C-46C4-8B0F-6CFB42CE2454}"
EndProject
Global
	GlobalSection(SolutionConfigurationPlatforms) = preSolution
		Debug|Any CPU = Debug|Any CPU
		Release|Any CPU = Release|Any CPU
	EndGlobalSection
	GlobalSection(ProjectConfigurationPlatforms) = postSolution
		{66D6E128-5B9C-4A94-94DE-FDB490359055}.Debug|Any CPU.ActiveCfg = Debug|Any CPU
		{66D6E128-5B9C-4A94-94DE-FDB490359055}.Debug|Any CPU.Build.0 = Debug|Any CPU
		{66D6E128-5B9C-4A94-94DE-FDB490359055}.Release|Any CPU.ActiveCfg = Release|Any CPU
		{66D6E128-5B9C-4A94-94DE-FDB490359055}.Release|Any CPU.Build.0 = Release|Any CPU
		{19C9F055-04F3-4E6E-B414-E4194830012A}.Debug|Any CPU.ActiveCfg = Debug|Any CPU
		{19C9F055-04F3-4E6E-B414-E4194830012A}.Debug|Any CPU.Build.0 = Debug|Any CPU
		{19C9F055-04F3-4E6E-B414-E4194830012A}.Release|Any CPU.ActiveCfg = Release|Any CPU
		{19C9F055-04F3-4E6E-B414-E4194830012A}.Release|Any CPU.Build.0 = Release|Any CPU
		{B02BB1A1-A43E-4435-87E4-A678B7B1DF4F}.Debug|Any CPU.ActiveCfg = Debug|Any CPU
		{B02BB1A1-A43E-4435-87E4-A678B7B1DF4F}.Debug|Any CPU.Build.0 = Debug|Any CPU
		{B02BB1A1-A43E-4435-87E4-A678B7B1DF4F}.Release|Any CPU.ActiveCfg = Release|Any CPU
		{B02BB1A1-A43E-4435-87E4-A678B7B1DF4F}.Release|Any CPU.Build.0 = Release|Any CPU
		{86F1B455-8F26-4DF9-9DA9-6BB19182686D}.Debug|Any CPU.ActiveCfg = Debug|Any CPU
		{86F1B455-8F26-4DF9-9DA9-6BB19182686D}.Debug|Any CPU.Build.0 = Debug|Any CPU
		{86F1B455-8F26-4DF9-9DA9-6BB19182686D}.Release|Any CPU.ActiveCfg = Release|Any CPU
		{86F1B455-8F26-4DF9-9DA9-6BB19182686D}.Release|Any CPU.Build.0 = Release|Any CPU
		{3036B610-4A8F-4AB1-B502-5C018091B4D9}.Debug|Any CPU.ActiveCfg = Debug|Any CPU
		{3036B610-4A8F-4AB1-B502-5C018091B4D9}.Debug|Any CPU.Build.0 = Debug|Any CPU
		{3036B610-4A8F-4AB1-B502-5C018091B4D9}.Release|Any CPU.ActiveCfg = Release|Any CPU
		{3036B610-4A8F-4AB1-B502-5C018091B4D9}.Release|Any CPU.Build.0 = Release|Any CPU
		{6F8BF749-5A9C-46C4-8B0F-6CFB42CE2454}.Debug|Any CPU.ActiveCfg = Debug|Any CPU
		{6F8BF749-5A9C-46C4-8B0F-6CFB42CE2454}.Debug|Any CPU.Build.0 = Debug|Any CPU
		{6F8BF749-5A9C-46C4-8B0F-6CFB42CE2454}.Release|Any CPU.ActiveCfg = Release|Any CPU
		{6F8BF749-5A9C-46C4-8B0F-6CFB42CE2454}.Release|Any CPU.Build.0 = Release|Any CPU
	EndGlobalSection
	GlobalSection(SolutionProperties) = preSolution
		HideSolutionNode = FALSE
	EndGlobalSection
	GlobalSection(ExtensibilityGlobals) = postSolution
		SolutionGuid = {FF58CD78-6A04-4864-BC42-3C7FD9F54E34}
	EndGlobalSection
EndGlobal
